
Microsoft Visual Studio Solution File, Format Version 12.00
# Visual Studio Version 17
VisualStudioVersion = 17.2.32602.215
MinimumVisualStudioVersion = 10.0.40219.1
Project("{9A19103F-16F7-4668-BE54-9A1E7A4F7556}") = "CardanOrleans.Server", "CardOrelans.Server\CardanOrleans.Server.csproj", "{129F0DA6-0FF1-4D20-BF48-5013085F0086}"
EndProject
Project("{9A19103F-16F7-4668-BE54-9A1E7A4F7556}") = "CardanOrleans.UI", "CardOrleans.UI\CardanOrleans.UI.csproj", "{AF771786-B0ED-4ACD-A660-DB71D092E0BF}"
EndProject
Global
	GlobalSection(SolutionConfigurationPlatforms) = preSolution
		Debug|Any CPU = Debug|Any CPU
		Release|Any CPU = Release|Any CPU
	EndGlobalSection
	GlobalSection(ProjectConfigurationPlatforms) = postSolution
		{129F0DA6-0FF1-4D20-BF48-5013085F0086}.Debug|Any CPU.ActiveCfg = Debug|Any CPU
		{129F0DA6-0FF1-4D20-BF48-5013085F0086}.Debug|Any CPU.Build.0 = Debug|Any CPU
		{129F0DA6-0FF1-4D20-BF48-5013085F0086}.Release|Any CPU.ActiveCfg = Release|Any CPU
		{129F0DA6-0FF1-4D20-BF48-5013085F0086}.Release|Any CPU.Build.0 = Release|Any CPU
		{AF771786-B0ED-4ACD-A660-DB71D092E0BF}.Debug|Any CPU.ActiveCfg = Debug|Any CPU
		{AF771786-B0ED-4ACD-A660-DB71D092E0BF}.Debug|Any CPU.Build.0 = Debug|Any CPU
		{AF771786-B0ED-4ACD-A660-DB71D092E0BF}.Release|Any CPU.ActiveCfg = Release|Any CPU
		{AF771786-B0ED-4ACD-A660-DB71D092E0BF}.Release|Any CPU.Build.0 = Release|Any CPU
	EndGlobalSection
	GlobalSection(SolutionProperties) = preSolution
		HideSolutionNode = FALSE
	EndGlobalSection
	GlobalSection(ExtensibilityGlobals) = postSolution
		SolutionGuid = {DF856BDA-DE99-406E-A099-EE1B4DEAE475}
	EndGlobalSection
EndGlobal
